
Microsoft Visual Studio Solution File, Format Version 12.00
# Visual Studio Version 17
VisualStudioVersion = 17.1.32414.318
MinimumVisualStudioVersion = 10.0.40219.1
Project("{FAE04EC0-301F-11D3-BF4B-00C04F79EFBC}") = "UC12TestProject1", "UC12TestProject1.csproj", "{C3B55230-83C9-4858-A770-264ECC837F81}"
EndProject
Global
	GlobalSection(SolutionConfigurationPlatforms) = preSolution
		Debug|Any CPU = Debug|Any CPU
		Release|Any CPU = Release|Any CPU
	EndGlobalSection
	GlobalSection(ProjectConfigurationPlatforms) = postSolution
		{C3B55230-83C9-4858-A770-264ECC837F81}.Debug|Any CPU.ActiveCfg = Debug|Any CPU
		{C3B55230-83C9-4858-A770-264ECC837F81}.Debug|Any CPU.Build.0 = Debug|Any CPU
		{C3B55230-83C9-4858-A770-264ECC837F81}.Release|Any CPU.ActiveCfg = Release|Any CPU
		{C3B55230-83C9-4858-A770-264ECC837F81}.Release|Any CPU.Build.0 = Release|Any CPU
	EndGlobalSection
	GlobalSection(SolutionProperties) = preSolution
		HideSolutionNode = FALSE
	EndGlobalSection
	GlobalSection(ExtensibilityGlobals) = postSolution
		SolutionGuid = {1032BEFE-63FC-44CA-9AD5-7D6E7EC3A76A}
	EndGlobalSection
EndGlobal
