
Microsoft Visual Studio Solution File, Format Version 12.00
# Visual Studio Version 17
VisualStudioVersion = 17.1.32414.318
MinimumVisualStudioVersion = 10.0.40219.1
Project("{FAE04EC0-301F-11D3-BF4B-00C04F79EFBC}") = "UC3_Valid_Email", "UC3_Valid_Email.csproj", "{BA5BF042-248F-472E-992B-67B8E2F97523}"
EndProject
Global
	GlobalSection(SolutionConfigurationPlatforms) = preSolution
		Debug|Any CPU = Debug|Any CPU
		Release|Any CPU = Release|Any CPU
	EndGlobalSection
	GlobalSection(ProjectConfigurationPlatforms) = postSolution
		{BA5BF042-248F-472E-992B-67B8E2F97523}.Debug|Any CPU.ActiveCfg = Debug|Any CPU
		{BA5BF042-248F-472E-992B-67B8E2F97523}.Debug|Any CPU.Build.0 = Debug|Any CPU
		{BA5BF042-248F-472E-992B-67B8E2F97523}.Release|Any CPU.ActiveCfg = Release|Any CPU
		{BA5BF042-248F-472E-992B-67B8E2F97523}.Release|Any CPU.Build.0 = Release|Any CPU
	EndGlobalSection
	GlobalSection(SolutionProperties) = preSolution
		HideSolutionNode = FALSE
	EndGlobalSection
	GlobalSection(ExtensibilityGlobals) = postSolution
		SolutionGuid = {96343A13-6871-4D56-99BB-075F1A7E24EF}
	EndGlobalSection
EndGlobal
